
Microsoft Visual Studio Solution File, Format Version 12.00
# Visual Studio Version 17
VisualStudioVersion = 17.11.35312.102
MinimumVisualStudioVersion = 10.0.40219.1
Project("{FAE04EC0-301F-11D3-BF4B-00C04F79EFBC}") = "Fedorowich-Ethan-a3-Project", "Fedorowich-Ethan-a3-Project.csproj", "{93BEF70A-2A48-49ED-87A6-8DBCD802881D}"
EndProject
Global
	GlobalSection(SolutionConfigurationPlatforms) = preSolution
		Debug|Any CPU = Debug|Any CPU
		Release|Any CPU = Release|Any CPU
	EndGlobalSection
	GlobalSection(ProjectConfigurationPlatforms) = postSolution
		{93BEF70A-2A48-49ED-87A6-8DBCD802881D}.Debug|Any CPU.ActiveCfg = Debug|Any CPU
		{93BEF70A-2A48-49ED-87A6-8DBCD802881D}.Debug|Any CPU.Build.0 = Debug|Any CPU
		{93BEF70A-2A48-49ED-87A6-8DBCD802881D}.Release|Any CPU.ActiveCfg = Release|Any CPU
		{93BEF70A-2A48-49ED-87A6-8DBCD802881D}.Release|Any CPU.Build.0 = Release|Any CPU
	EndGlobalSection
	GlobalSection(SolutionProperties) = preSolution
		HideSolutionNode = FALSE
	EndGlobalSection
	GlobalSection(ExtensibilityGlobals) = postSolution
		SolutionGuid = {F79BC404-446D-4EB4-B5D6-218BFC6F3568}
	EndGlobalSection
EndGlobal
